
Microsoft Visual Studio Solution File, Format Version 12.00
# Visual Studio 14
VisualStudioVersion = 14.0.25420.1
MinimumVisualStudioVersion = 10.0.40219.1
Project("{FAE04EC0-301F-11D3-BF4B-00C04F79EFBC}") = "HomeApplication", "HomeApplication\HomeApplication.csproj", "{365D1E04-7198-4C37-B187-2922A87EB252}"
EndProject
Project("{FAE04EC0-301F-11D3-BF4B-00C04F79EFBC}") = "HomeApplication.Tests", "HomeApplication.Tests\HomeApplication.Tests.csproj", "{C1D997A8-E67A-43B8-A8EC-01DF240AAA3A}"
EndProject
Global
	GlobalSection(SolutionConfigurationPlatforms) = preSolution
		Debug|Any CPU = Debug|Any CPU
		Release|Any CPU = Release|Any CPU
	EndGlobalSection
	GlobalSection(ProjectConfigurationPlatforms) = postSolution
		{365D1E04-7198-4C37-B187-2922A87EB252}.Debug|Any CPU.ActiveCfg = Debug|Any CPU
		{365D1E04-7198-4C37-B187-2922A87EB252}.Debug|Any CPU.Build.0 = Debug|Any CPU
		{365D1E04-7198-4C37-B187-2922A87EB252}.Release|Any CPU.ActiveCfg = Release|Any CPU
		{365D1E04-7198-4C37-B187-2922A87EB252}.Release|Any CPU.Build.0 = Release|Any CPU
		{C1D997A8-E67A-43B8-A8EC-01DF240AAA3A}.Debug|Any CPU.ActiveCfg = Debug|Any CPU
		{C1D997A8-E67A-43B8-A8EC-01DF240AAA3A}.Debug|Any CPU.Build.0 = Debug|Any CPU
		{C1D997A8-E67A-43B8-A8EC-01DF240AAA3A}.Release|Any CPU.ActiveCfg = Release|Any CPU
		{C1D997A8-E67A-43B8-A8EC-01DF240AAA3A}.Release|Any CPU.Build.0 = Release|Any CPU
	EndGlobalSection
	GlobalSection(SolutionProperties) = preSolution
		HideSolutionNode = FALSE
	EndGlobalSection
EndGlobal
